
Microsoft Visual Studio Solution File, Format Version 12.00
# Visual Studio Version 17
VisualStudioVersion = 17.7.34018.315
MinimumVisualStudioVersion = 10.0.40219.1
Project("{FAE04EC0-301F-11D3-BF4B-00C04F79EFBC}") = "Service", "Service\Service.csproj", "{6A298E87-CFEA-48BA-AA29-C5352C9ACE80}"
EndProject
Project("{FAE04EC0-301F-11D3-BF4B-00C04F79EFBC}") = "Host", "Host\Host.csproj", "{1ADBE9D1-C4EF-4ADE-82BA-48AF4AF3CA67}"
EndProject
Project("{FAE04EC0-301F-11D3-BF4B-00C04F79EFBC}") = "Client", "Client\Client.csproj", "{B4E7F0F8-266B-466A-B437-1D371F6A6D6F}"
	ProjectSection(ProjectDependencies) = postProject
		{6A298E87-CFEA-48BA-AA29-C5352C9ACE80} = {6A298E87-CFEA-48BA-AA29-C5352C9ACE80}
	EndProjectSection
EndProject
Global
	GlobalSection(SolutionConfigurationPlatforms) = preSolution
		Debug|Any CPU = Debug|Any CPU
		Release|Any CPU = Release|Any CPU
	EndGlobalSection
	GlobalSection(ProjectConfigurationPlatforms) = postSolution
		{6A298E87-CFEA-48BA-AA29-C5352C9ACE80}.Debug|Any CPU.ActiveCfg = Debug|Any CPU
		{6A298E87-CFEA-48BA-AA29-C5352C9ACE80}.Debug|Any CPU.Build.0 = Debug|Any CPU
		{6A298E87-CFEA-48BA-AA29-C5352C9ACE80}.Release|Any CPU.ActiveCfg = Release|Any CPU
		{6A298E87-CFEA-48BA-AA29-C5352C9ACE80}.Release|Any CPU.Build.0 = Release|Any CPU
		{1ADBE9D1-C4EF-4ADE-82BA-48AF4AF3CA67}.Debug|Any CPU.ActiveCfg = Debug|Any CPU
		{1ADBE9D1-C4EF-4ADE-82BA-48AF4AF3CA67}.Debug|Any CPU.Build.0 = Debug|Any CPU
		{1ADBE9D1-C4EF-4ADE-82BA-48AF4AF3CA67}.Release|Any CPU.ActiveCfg = Release|Any CPU
		{1ADBE9D1-C4EF-4ADE-82BA-48AF4AF3CA67}.Release|Any CPU.Build.0 = Release|Any CPU
		{B4E7F0F8-266B-466A-B437-1D371F6A6D6F}.Debug|Any CPU.ActiveCfg = Debug|Any CPU
		{B4E7F0F8-266B-466A-B437-1D371F6A6D6F}.Debug|Any CPU.Build.0 = Debug|Any CPU
		{B4E7F0F8-266B-466A-B437-1D371F6A6D6F}.Release|Any CPU.ActiveCfg = Release|Any CPU
		{B4E7F0F8-266B-466A-B437-1D371F6A6D6F}.Release|Any CPU.Build.0 = Release|Any CPU
	EndGlobalSection
	GlobalSection(SolutionProperties) = preSolution
		HideSolutionNode = FALSE
	EndGlobalSection
	GlobalSection(ExtensibilityGlobals) = postSolution
		SolutionGuid = {CAB59594-3E2D-42DB-A3F7-FC8427E6D504}
	EndGlobalSection
EndGlobal
